
Microsoft Visual Studio Solution File, Format Version 12.00
# Visual Studio Version 17
VisualStudioVersion = 17.3.32901.215
MinimumVisualStudioVersion = 10.0.40219.1
Project("{FAE04EC0-301F-11D3-BF4B-00C04F79EFBC}") = "payroll_preparation", "payroll_preparation.csproj", "{C96F4EC3-2B46-44F3-A956-E53F6E2DE0B3}"
EndProject
Global
	GlobalSection(SolutionConfigurationPlatforms) = preSolution
		Debug|Any CPU = Debug|Any CPU
		Release|Any CPU = Release|Any CPU
	EndGlobalSection
	GlobalSection(ProjectConfigurationPlatforms) = postSolution
		{C96F4EC3-2B46-44F3-A956-E53F6E2DE0B3}.Debug|Any CPU.ActiveCfg = Debug|Any CPU
		{C96F4EC3-2B46-44F3-A956-E53F6E2DE0B3}.Debug|Any CPU.Build.0 = Debug|Any CPU
		{C96F4EC3-2B46-44F3-A956-E53F6E2DE0B3}.Release|Any CPU.ActiveCfg = Release|Any CPU
		{C96F4EC3-2B46-44F3-A956-E53F6E2DE0B3}.Release|Any CPU.Build.0 = Release|Any CPU
	EndGlobalSection
	GlobalSection(SolutionProperties) = preSolution
		HideSolutionNode = FALSE
	EndGlobalSection
	GlobalSection(ExtensibilityGlobals) = postSolution
		SolutionGuid = {BE3BBB8A-F651-474E-813D-3859A55B82D0}
	EndGlobalSection
EndGlobal
